
Microsoft Visual Studio Solution File, Format Version 12.00
# Visual Studio Version 17
VisualStudioVersion = 17.2.32505.173
MinimumVisualStudioVersion = 10.0.40219.1
Project("{FAE04EC0-301F-11D3-BF4B-00C04F79EFBC}") = "Core", "BestCoffee\Core.csproj", "{BD09F75E-FD43-472A-A903-A4A2A412A4B6}"
EndProject
Project("{FAE04EC0-301F-11D3-BF4B-00C04F79EFBC}") = "WPFBestCoffee", "WPFBestCoffee\WPFBestCoffee.csproj", "{67DEE031-735E-489F-966D-006BB2DC2BB9}"
	ProjectSection(ProjectDependencies) = postProject
		{BD09F75E-FD43-472A-A903-A4A2A412A4B6} = {BD09F75E-FD43-472A-A903-A4A2A412A4B6}
	EndProjectSection
EndProject
Project("{FAE04EC0-301F-11D3-BF4B-00C04F79EFBC}") = "ConsoleBestCoffee", "ConsoleBestCoffee\ConsoleBestCoffee.csproj", "{81678334-A952-4CE8-97B0-EB8A0C037CEC}"
EndProject
Project("{FAE04EC0-301F-11D3-BF4B-00C04F79EFBC}") = "APITheBestCoffee", "APITheBestCoffee\APITheBestCoffee.csproj", "{D34FAD04-A4AE-46E5-84D0-6AB0E0B969CC}"
EndProject
Global
	GlobalSection(SolutionConfigurationPlatforms) = preSolution
		Debug|Any CPU = Debug|Any CPU
		Release|Any CPU = Release|Any CPU
	EndGlobalSection
	GlobalSection(ProjectConfigurationPlatforms) = postSolution
		{BD09F75E-FD43-472A-A903-A4A2A412A4B6}.Debug|Any CPU.ActiveCfg = Debug|Any CPU
		{BD09F75E-FD43-472A-A903-A4A2A412A4B6}.Debug|Any CPU.Build.0 = Debug|Any CPU
		{BD09F75E-FD43-472A-A903-A4A2A412A4B6}.Release|Any CPU.ActiveCfg = Release|Any CPU
		{BD09F75E-FD43-472A-A903-A4A2A412A4B6}.Release|Any CPU.Build.0 = Release|Any CPU
		{67DEE031-735E-489F-966D-006BB2DC2BB9}.Debug|Any CPU.ActiveCfg = Debug|Any CPU
		{67DEE031-735E-489F-966D-006BB2DC2BB9}.Debug|Any CPU.Build.0 = Debug|Any CPU
		{67DEE031-735E-489F-966D-006BB2DC2BB9}.Release|Any CPU.ActiveCfg = Release|Any CPU
		{67DEE031-735E-489F-966D-006BB2DC2BB9}.Release|Any CPU.Build.0 = Release|Any CPU
		{81678334-A952-4CE8-97B0-EB8A0C037CEC}.Debug|Any CPU.ActiveCfg = Debug|Any CPU
		{81678334-A952-4CE8-97B0-EB8A0C037CEC}.Debug|Any CPU.Build.0 = Debug|Any CPU
		{81678334-A952-4CE8-97B0-EB8A0C037CEC}.Release|Any CPU.ActiveCfg = Release|Any CPU
		{81678334-A952-4CE8-97B0-EB8A0C037CEC}.Release|Any CPU.Build.0 = Release|Any CPU
		{D34FAD04-A4AE-46E5-84D0-6AB0E0B969CC}.Debug|Any CPU.ActiveCfg = Debug|Any CPU
		{D34FAD04-A4AE-46E5-84D0-6AB0E0B969CC}.Debug|Any CPU.Build.0 = Debug|Any CPU
		{D34FAD04-A4AE-46E5-84D0-6AB0E0B969CC}.Release|Any CPU.ActiveCfg = Release|Any CPU
		{D34FAD04-A4AE-46E5-84D0-6AB0E0B969CC}.Release|Any CPU.Build.0 = Release|Any CPU
	EndGlobalSection
	GlobalSection(SolutionProperties) = preSolution
		HideSolutionNode = FALSE
	EndGlobalSection
	GlobalSection(ExtensibilityGlobals) = postSolution
		SolutionGuid = {A72C46CC-4778-469A-8127-3556693690DA}
	EndGlobalSection
EndGlobal
